
Microsoft Visual Studio Solution File, Format Version 12.00
# Visual Studio Version 17
VisualStudioVersion = 17.0.31903.59
MinimumVisualStudioVersion = 10.0.40219.1
Project("{FAE04EC0-301F-11D3-BF4B-00C04F79EFBC}") = "API", "API\API.csproj", "{BD122AE7-E63D-4739-AD9E-EF2FD6EDA3C9}"
EndProject
Project("{FAE04EC0-301F-11D3-BF4B-00C04F79EFBC}") = "Core", "Core\Core.csproj", "{EC7077B5-F285-48B2-9CCF-5C2A4DADFFD5}"
EndProject
Project("{FAE04EC0-301F-11D3-BF4B-00C04F79EFBC}") = "Infrastructure", "Infrastructure\Infrastructure.csproj", "{AB5CCB7C-51C7-4CBD-8189-094DA395C893}"
EndProject
Global
	GlobalSection(SolutionConfigurationPlatforms) = preSolution
		Debug|Any CPU = Debug|Any CPU
		Release|Any CPU = Release|Any CPU
	EndGlobalSection
	GlobalSection(SolutionProperties) = preSolution
		HideSolutionNode = FALSE
	EndGlobalSection
	GlobalSection(ProjectConfigurationPlatforms) = postSolution
		{BD122AE7-E63D-4739-AD9E-EF2FD6EDA3C9}.Debug|Any CPU.ActiveCfg = Debug|Any CPU
		{BD122AE7-E63D-4739-AD9E-EF2FD6EDA3C9}.Debug|Any CPU.Build.0 = Debug|Any CPU
		{BD122AE7-E63D-4739-AD9E-EF2FD6EDA3C9}.Release|Any CPU.ActiveCfg = Release|Any CPU
		{BD122AE7-E63D-4739-AD9E-EF2FD6EDA3C9}.Release|Any CPU.Build.0 = Release|Any CPU
		{EC7077B5-F285-48B2-9CCF-5C2A4DADFFD5}.Debug|Any CPU.ActiveCfg = Debug|Any CPU
		{EC7077B5-F285-48B2-9CCF-5C2A4DADFFD5}.Debug|Any CPU.Build.0 = Debug|Any CPU
		{EC7077B5-F285-48B2-9CCF-5C2A4DADFFD5}.Release|Any CPU.ActiveCfg = Release|Any CPU
		{EC7077B5-F285-48B2-9CCF-5C2A4DADFFD5}.Release|Any CPU.Build.0 = Release|Any CPU
		{AB5CCB7C-51C7-4CBD-8189-094DA395C893}.Debug|Any CPU.ActiveCfg = Debug|Any CPU
		{AB5CCB7C-51C7-4CBD-8189-094DA395C893}.Debug|Any CPU.Build.0 = Debug|Any CPU
		{AB5CCB7C-51C7-4CBD-8189-094DA395C893}.Release|Any CPU.ActiveCfg = Release|Any CPU
		{AB5CCB7C-51C7-4CBD-8189-094DA395C893}.Release|Any CPU.Build.0 = Release|Any CPU
	EndGlobalSection
EndGlobal
